
Microsoft Visual Studio Solution File, Format Version 12.00
# Visual Studio Version 16
VisualStudioVersion = 16.0.30804.86
MinimumVisualStudioVersion = 10.0.40219.1
Project("{FAE04EC0-301F-11D3-BF4B-00C04F79EFBC}") = "sandbox", "sandbox\sandbox.csproj", "{0A3A4B3C-DF4C-41AE-8EAC-DE9103368061}"
EndProject
Global
	GlobalSection(SolutionConfigurationPlatforms) = preSolution
		Debug|Any CPU = Debug|Any CPU
		Release|Any CPU = Release|Any CPU
	EndGlobalSection
	GlobalSection(ProjectConfigurationPlatforms) = postSolution
		{0A3A4B3C-DF4C-41AE-8EAC-DE9103368061}.Debug|Any CPU.ActiveCfg = Debug|Any CPU
		{0A3A4B3C-DF4C-41AE-8EAC-DE9103368061}.Debug|Any CPU.Build.0 = Debug|Any CPU
		{0A3A4B3C-DF4C-41AE-8EAC-DE9103368061}.Release|Any CPU.ActiveCfg = Release|Any CPU
		{0A3A4B3C-DF4C-41AE-8EAC-DE9103368061}.Release|Any CPU.Build.0 = Release|Any CPU
	EndGlobalSection
	GlobalSection(SolutionProperties) = preSolution
		HideSolutionNode = FALSE
	EndGlobalSection
	GlobalSection(ExtensibilityGlobals) = postSolution
		SolutionGuid = {52222EF9-2C63-4677-B9DF-D6D07C48BB81}
	EndGlobalSection
EndGlobal
